<?xml version="1.0" encoding="utf-8"?>
<Project ToolsVersion="4.0" xmlns="http://schemas.microsoft.com/developer/msbuild/2003">
  <ItemGroup>
    <Filter Include="Header Files">
      <UniqueIdentifier>{18a8a765-8dd0-4aae-ba37-9c59d13f80cd}</UniqueIdentifier>
    </Filter>
    <Filter Include="Header Files\Byte Pipe">
      <UniqueIdentifier>{d60cd293-fa48-4718-ab65-459a2c6dc230}</UniqueIdentifier>
    </Filter>
    <Filter Include="Source Files">
      <UniqueIdentifier>{1b91ae1a-2fe7-4d83-85ac-21dffdca84b3}</UniqueIdentifier>
    </Filter>
    <Filter Include="Header Files\Anvil">
      <UniqueIdentifier>{76e43117-76a3-41e5-b006-3ab26cc618fb}</UniqueIdentifier>
    </Filter>
  </ItemGroup>
  <ItemGroup>
    <ClInclude Include="..\..\include\anvil\byte-pipe\BytePipeBits.hpp">
      <Filter>Header Files\Byte Pipe</Filter>
    </ClInclude>
    <ClInclude Include="..\..\include\anvil\byte-pipe\BytePipeCore.hpp">
      <Filter>Header Files\Byte Pipe</Filter>
    </ClInclude>
    <ClInclude Include="..\..\include\anvil\byte-pipe\BytePipeEndian.hpp">
      <Filter>Header Files\Byte Pipe</Filter>
    </ClInclude>
    <ClInclude Include="..\..\include\anvil\byte-pipe\BytePipeHamming.hpp">
      <Filter>Header Files\Byte Pipe</Filter>
    </ClInclude>
    <ClInclude Include="..\..\include\anvil\byte-pipe\BytePipeJSON.hpp">
      <Filter>Header Files\Byte Pipe</Filter>
    </ClInclude>
    <ClInclude Include="..\..\include\anvil\byte-pipe\BytePipeObjects.hpp">
      <Filter>Header Files\Byte Pipe</Filter>
    </ClInclude>
    <ClInclude Include="..\..\include\anvil\byte-pipe\BytePipePacket.hpp">
      <Filter>Header Files\Byte Pipe</Filter>
    </ClInclude>
    <ClInclude Include="..\..\include\anvil\byte-pipe\BytePipeReader.hpp">
      <Filter>Header Files\Byte Pipe</Filter>
    </ClInclude>
    <ClInclude Include="..\..\include\anvil\byte-pipe\BytePipeRLE.hpp">
      <Filter>Header Files\Byte Pipe</Filter>
    </ClInclude>
    <ClInclude Include="..\..\include\anvil\byte-pipe\BytePipeSTL.hpp">
      <Filter>Header Files\Byte Pipe</Filter>
    </ClInclude>
    <ClInclude Include="..\..\include\anvil\byte-pipe\BytePipeWriter.hpp">
      <Filter>Header Files\Byte Pipe</Filter>
    </ClInclude>
    <ClInclude Include="..\..\include\anvil\BytePipe.hpp">
      <Filter>Header Files\Anvil</Filter>
    </ClInclude>
    <ClInclude Include="..\..\include\anvil\byte-pipe\BytePipeTCP.hpp">
      <Filter>Header Files\Byte Pipe</Filter>
    </ClInclude>
    <ClInclude Include="..\..\include\anvil\byte-pipe\BytePipeUDP.hpp">
      <Filter>Header Files\Byte Pipe</Filter>
    </ClInclude>
  </ItemGroup>
  <ItemGroup>
    <ClCompile Include="..\..\src\anvil\byte-pipe\BinaryPipe.cpp">
      <Filter>Source Files</Filter>
    </ClCompile>
    <ClCompile Include="..\..\src\anvil\byte-pipe\BinaryPipeBits.cpp">
      <Filter>Source Files</Filter>
    </ClCompile>
    <ClCompile Include="..\..\src\anvil\byte-pipe\BinaryPipeHamming.cpp">
      <Filter>Source Files</Filter>
    </ClCompile>
    <ClCompile Include="..\..\src\anvil\byte-pipe\BinaryPipeJSON.cpp">
      <Filter>Source Files</Filter>
    </ClCompile>
    <ClCompile Include="..\..\src\anvil\byte-pipe\BinaryPipePacket.cpp">
      <Filter>Source Files</Filter>
    </ClCompile>
    <ClCompile Include="..\..\src\anvil\byte-pipe\BinaryPipeSTL.cpp">
      <Filter>Source Files</Filter>
    </ClCompile>
    <ClCompile Include="..\..\src\anvil\byte-pipe\BytePipeObjects.cpp">
      <Filter>Source Files</Filter>
    </ClCompile>
    <ClCompile Include="..\..\src\anvil\byte-pipe\BinaryPipeTCP.cpp">
      <Filter>Source Files</Filter>
    </ClCompile>
    <ClCompile Include="..\..\src\anvil\byte-pipe\BinaryPipeUDP.cpp">
      <Filter>Source Files</Filter>
    </ClCompile>
  </ItemGroup>
</Project>