
Microsoft Visual Studio Solution File, Format Version 12.00
# Visual Studio 15
VisualStudioVersion = 15.0.28307.757
MinimumVisualStudioVersion = 10.0.40219.1
Project("{8BC9CEB8-8B4A-11D0-8D11-00A0C91BC942}") = "Anvil Core", "Anvil Core\Anvil Core.vcxproj", "{26C297CD-CDAB-4B13-9864-335A1AC7A1D9}"
EndProject
Project("{8BC9CEB8-8B4A-11D0-8D11-00A0C91BC942}") = "TestApplication", "TestApplication\TestApplication.vcxproj", "{EDF3130F-BC60-4DD1-918E-C277321D14E3}"
	ProjectSection(ProjectDependencies) = postProject
		{62DF001E-60C2-47BA-9168-F58D4E18DFAE} = {62DF001E-60C2-47BA-9168-F58D4E18DFAE}
		{E73261AD-201B-471C-87E0-2DBCAB454683} = {E73261AD-201B-471C-87E0-2DBCAB454683}
		{26C297CD-CDAB-4B13-9864-335A1AC7A1D9} = {26C297CD-CDAB-4B13-9864-335A1AC7A1D9}
	EndProjectSection
EndProject
Project("{8BC9CEB8-8B4A-11D0-8D11-00A0C91BC942}") = "Anvil Utils", "Anvil Utils\Anvil Utils.vcxproj", "{62DF001E-60C2-47BA-9168-F58D4E18DFAE}"
EndProject
Project("{8BC9CEB8-8B4A-11D0-8D11-00A0C91BC942}") = "Anvil Compute", "Anvil Compute\Anvil Compute.vcxproj", "{E73261AD-201B-471C-87E0-2DBCAB454683}"
EndProject
Global
	GlobalSection(SolutionConfigurationPlatforms) = preSolution
		Debug|x64 = Debug|x64
		Debug|x86 = Debug|x86
		Release|x64 = Release|x64
		Release|x86 = Release|x86
	EndGlobalSection
	GlobalSection(ProjectConfigurationPlatforms) = postSolution
		{26C297CD-CDAB-4B13-9864-335A1AC7A1D9}.Debug|x64.ActiveCfg = Debug|x64
		{26C297CD-CDAB-4B13-9864-335A1AC7A1D9}.Debug|x64.Build.0 = Debug|x64
		{26C297CD-CDAB-4B13-9864-335A1AC7A1D9}.Debug|x86.ActiveCfg = Debug|Win32
		{26C297CD-CDAB-4B13-9864-335A1AC7A1D9}.Debug|x86.Build.0 = Debug|Win32
		{26C297CD-CDAB-4B13-9864-335A1AC7A1D9}.Release|x64.ActiveCfg = Release|x64
		{26C297CD-CDAB-4B13-9864-335A1AC7A1D9}.Release|x64.Build.0 = Release|x64
		{26C297CD-CDAB-4B13-9864-335A1AC7A1D9}.Release|x86.ActiveCfg = Release|Win32
		{26C297CD-CDAB-4B13-9864-335A1AC7A1D9}.Release|x86.Build.0 = Release|Win32
		{EDF3130F-BC60-4DD1-918E-C277321D14E3}.Debug|x64.ActiveCfg = Debug|x64
		{EDF3130F-BC60-4DD1-918E-C277321D14E3}.Debug|x64.Build.0 = Debug|x64
		{EDF3130F-BC60-4DD1-918E-C277321D14E3}.Debug|x86.ActiveCfg = Debug|Win32
		{EDF3130F-BC60-4DD1-918E-C277321D14E3}.Debug|x86.Build.0 = Debug|Win32
		{EDF3130F-BC60-4DD1-918E-C277321D14E3}.Release|x64.ActiveCfg = Release|x64
		{EDF3130F-BC60-4DD1-918E-C277321D14E3}.Release|x64.Build.0 = Release|x64
		{EDF3130F-BC60-4DD1-918E-C277321D14E3}.Release|x86.ActiveCfg = Release|Win32
		{EDF3130F-BC60-4DD1-918E-C277321D14E3}.Release|x86.Build.0 = Release|Win32
		{62DF001E-60C2-47BA-9168-F58D4E18DFAE}.Debug|x64.ActiveCfg = Debug|x64
		{62DF001E-60C2-47BA-9168-F58D4E18DFAE}.Debug|x64.Build.0 = Debug|x64
		{62DF001E-60C2-47BA-9168-F58D4E18DFAE}.Debug|x86.ActiveCfg = Debug|Win32
		{62DF001E-60C2-47BA-9168-F58D4E18DFAE}.Debug|x86.Build.0 = Debug|Win32
		{62DF001E-60C2-47BA-9168-F58D4E18DFAE}.Release|x64.ActiveCfg = Release|x64
		{62DF001E-60C2-47BA-9168-F58D4E18DFAE}.Release|x64.Build.0 = Release|x64
		{62DF001E-60C2-47BA-9168-F58D4E18DFAE}.Release|x86.ActiveCfg = Release|Win32
		{62DF001E-60C2-47BA-9168-F58D4E18DFAE}.Release|x86.Build.0 = Release|Win32
		{E73261AD-201B-471C-87E0-2DBCAB454683}.Debug|x64.ActiveCfg = Debug|x64
		{E73261AD-201B-471C-87E0-2DBCAB454683}.Debug|x64.Build.0 = Debug|x64
		{E73261AD-201B-471C-87E0-2DBCAB454683}.Debug|x86.ActiveCfg = Debug|Win32
		{E73261AD-201B-471C-87E0-2DBCAB454683}.Debug|x86.Build.0 = Debug|Win32
		{E73261AD-201B-471C-87E0-2DBCAB454683}.Release|x64.ActiveCfg = Release|x64
		{E73261AD-201B-471C-87E0-2DBCAB454683}.Release|x64.Build.0 = Release|x64
		{E73261AD-201B-471C-87E0-2DBCAB454683}.Release|x86.ActiveCfg = Release|Win32
		{E73261AD-201B-471C-87E0-2DBCAB454683}.Release|x86.Build.0 = Release|Win32
	EndGlobalSection
	GlobalSection(SolutionProperties) = preSolution
		HideSolutionNode = FALSE
	EndGlobalSection
	GlobalSection(ExtensibilityGlobals) = postSolution
		SolutionGuid = {86A3B1D9-8907-4B50-8597-F7E8A4698A14}
	EndGlobalSection
EndGlobal
