<?xml version="1.0" encoding="utf-8"?>
<Project ToolsVersion="4.0" xmlns="http://schemas.microsoft.com/developer/msbuild/2003">
  <ItemGroup>
    <Filter Include="Header Files">
      <UniqueIdentifier>{18a8a765-8dd0-4aae-ba37-9c59d13f80cd}</UniqueIdentifier>
    </Filter>
    <Filter Include="Source Files">
      <UniqueIdentifier>{1b91ae1a-2fe7-4d83-85ac-21dffdca84b3}</UniqueIdentifier>
    </Filter>
    <Filter Include="Header Files\Console">
      <UniqueIdentifier>{d60cd293-fa48-4718-ab65-459a2c6dc230}</UniqueIdentifier>
    </Filter>
    <Filter Include="Source Files\Console">
      <UniqueIdentifier>{31bee643-9287-4664-bc83-96273da56c62}</UniqueIdentifier>
    </Filter>
  </ItemGroup>
  <ItemGroup>
    <ClInclude Include="..\..\include\anvil\console\Console.hpp">
      <Filter>Header Files\Console</Filter>
    </ClInclude>
    <ClInclude Include="..\..\include\anvil\Console.hpp">
      <Filter>Header Files</Filter>
    </ClInclude>
  </ItemGroup>
  <ItemGroup>
    <ClCompile Include="..\..\src\anvil\console\Console.cpp">
      <Filter>Source Files\Console</Filter>
    </ClCompile>
  </ItemGroup>
</Project>